
Microsoft Visual Studio Solution File, Format Version 12.00
# Visual Studio Version 17
VisualStudioVersion = 17.8.34309.116
MinimumVisualStudioVersion = 10.0.40219.1
Project("{9A19103F-16F7-4668-BE54-9A1E7A4F7556}") = "WeatherApi", "WeatherApi\WeatherApi.csproj", "{80CDD3EC-4028-4BB6-8686-21463D8FC547}"
EndProject
Project("{FAE04EC0-301F-11D3-BF4B-00C04F79EFBC}") = "WeatherClient", "WeatherClient\WeatherClient.csproj", "{0028420D-D679-4303-AF13-63E5573F0426}"
EndProject
Global
	GlobalSection(SolutionConfigurationPlatforms) = preSolution
		Debug|Any CPU = Debug|Any CPU
		Release|Any CPU = Release|Any CPU
	EndGlobalSection
	GlobalSection(ProjectConfigurationPlatforms) = postSolution
		{80CDD3EC-4028-4BB6-8686-21463D8FC547}.Debug|Any CPU.ActiveCfg = Debug|Any CPU
		{80CDD3EC-4028-4BB6-8686-21463D8FC547}.Debug|Any CPU.Build.0 = Debug|Any CPU
		{80CDD3EC-4028-4BB6-8686-21463D8FC547}.Release|Any CPU.ActiveCfg = Release|Any CPU
		{80CDD3EC-4028-4BB6-8686-21463D8FC547}.Release|Any CPU.Build.0 = Release|Any CPU
		{0028420D-D679-4303-AF13-63E5573F0426}.Debug|Any CPU.ActiveCfg = Debug|Any CPU
		{0028420D-D679-4303-AF13-63E5573F0426}.Debug|Any CPU.Build.0 = Debug|Any CPU
		{0028420D-D679-4303-AF13-63E5573F0426}.Release|Any CPU.ActiveCfg = Release|Any CPU
		{0028420D-D679-4303-AF13-63E5573F0426}.Release|Any CPU.Build.0 = Release|Any CPU
	EndGlobalSection
	GlobalSection(SolutionProperties) = preSolution
		HideSolutionNode = FALSE
	EndGlobalSection
	GlobalSection(ExtensibilityGlobals) = postSolution
		SolutionGuid = {5B01DF2A-DE9F-4D46-9AD2-5AE1D57D0500}
	EndGlobalSection
EndGlobal
